
Microsoft Visual Studio Solution File, Format Version 12.00
# Visual Studio Version 16
VisualStudioVersion = 16.0.30709.64
MinimumVisualStudioVersion = 10.0.40219.1
Project("{9A19103F-16F7-4668-BE54-9A1E7A4F7556}") = "Fanda2.Backend", "Fanda2.Backend\Fanda2.Backend.csproj", "{1825AC22-9ED4-43A1-9D0B-35B4D94AD328}"
EndProject
Project("{FAE04EC0-301F-11D3-BF4B-00C04F79EFBC}") = "Fanda.UI", "Fanda.UI\Fanda.UI.csproj", "{A7482F7E-FDC5-40EF-A6A9-F6BB528C644D}"
EndProject
Project("{2150E333-8FDC-42A3-9474-1A3956D46DE8}") = "docs", "docs", "{1D196710-89DE-4F3C-A09F-A5AF0B8C6577}"
	ProjectSection(SolutionItems) = preProject
		..\docs\Account Groups.xlsx = ..\docs\Account Groups.xlsx
		Fanda2-win.txt = Fanda2-win.txt
	EndProjectSection
EndProject
Project("{FAE04EC0-301F-11D3-BF4B-00C04F79EFBC}") = "Fanda2.Tests", "Fanda2.Tests\Fanda2.Tests.csproj", "{1818AA2B-2016-4570-A6E4-037E9E63F25B}"
EndProject
Project("{9A19103F-16F7-4668-BE54-9A1E7A4F7556}") = "Dommel", "Dommel\src\Dommel\Dommel.csproj", "{8633E3FE-16F5-4A1B-9A0F-3B582F8F3C0B}"
EndProject
Project("{9A19103F-16F7-4668-BE54-9A1E7A4F7556}") = "Dapper.FluentMap.Dommel", "Dapper-FluentMap\src\Dapper.FluentMap.Dommel\Dapper.FluentMap.Dommel.csproj", "{BAA9D5D0-7DD0-422D-B9A7-D84FC988DFD4}"
EndProject
Project("{9A19103F-16F7-4668-BE54-9A1E7A4F7556}") = "Dapper.FluentMap", "Dapper-FluentMap\src\Dapper.FluentMap\Dapper.FluentMap.csproj", "{C3D479E7-0AD0-44BA-A516-DEE818B055CB}"
EndProject
Global
	GlobalSection(SolutionConfigurationPlatforms) = preSolution
		Debug|Any CPU = Debug|Any CPU
		Release|Any CPU = Release|Any CPU
	EndGlobalSection
	GlobalSection(ProjectConfigurationPlatforms) = postSolution
		{1825AC22-9ED4-43A1-9D0B-35B4D94AD328}.Debug|Any CPU.ActiveCfg = Debug|Any CPU
		{1825AC22-9ED4-43A1-9D0B-35B4D94AD328}.Debug|Any CPU.Build.0 = Debug|Any CPU
		{1825AC22-9ED4-43A1-9D0B-35B4D94AD328}.Release|Any CPU.ActiveCfg = Release|Any CPU
		{1825AC22-9ED4-43A1-9D0B-35B4D94AD328}.Release|Any CPU.Build.0 = Release|Any CPU
		{A7482F7E-FDC5-40EF-A6A9-F6BB528C644D}.Debug|Any CPU.ActiveCfg = Debug|Any CPU
		{A7482F7E-FDC5-40EF-A6A9-F6BB528C644D}.Debug|Any CPU.Build.0 = Debug|Any CPU
		{A7482F7E-FDC5-40EF-A6A9-F6BB528C644D}.Release|Any CPU.ActiveCfg = Release|Any CPU
		{A7482F7E-FDC5-40EF-A6A9-F6BB528C644D}.Release|Any CPU.Build.0 = Release|Any CPU
		{1818AA2B-2016-4570-A6E4-037E9E63F25B}.Debug|Any CPU.ActiveCfg = Debug|Any CPU
		{1818AA2B-2016-4570-A6E4-037E9E63F25B}.Debug|Any CPU.Build.0 = Debug|Any CPU
		{1818AA2B-2016-4570-A6E4-037E9E63F25B}.Release|Any CPU.ActiveCfg = Release|Any CPU
		{1818AA2B-2016-4570-A6E4-037E9E63F25B}.Release|Any CPU.Build.0 = Release|Any CPU
		{8633E3FE-16F5-4A1B-9A0F-3B582F8F3C0B}.Debug|Any CPU.ActiveCfg = Debug|Any CPU
		{8633E3FE-16F5-4A1B-9A0F-3B582F8F3C0B}.Debug|Any CPU.Build.0 = Debug|Any CPU
		{8633E3FE-16F5-4A1B-9A0F-3B582F8F3C0B}.Release|Any CPU.ActiveCfg = Release|Any CPU
		{8633E3FE-16F5-4A1B-9A0F-3B582F8F3C0B}.Release|Any CPU.Build.0 = Release|Any CPU
		{BAA9D5D0-7DD0-422D-B9A7-D84FC988DFD4}.Debug|Any CPU.ActiveCfg = Debug|Any CPU
		{BAA9D5D0-7DD0-422D-B9A7-D84FC988DFD4}.Debug|Any CPU.Build.0 = Debug|Any CPU
		{BAA9D5D0-7DD0-422D-B9A7-D84FC988DFD4}.Release|Any CPU.ActiveCfg = Release|Any CPU
		{BAA9D5D0-7DD0-422D-B9A7-D84FC988DFD4}.Release|Any CPU.Build.0 = Release|Any CPU
		{C3D479E7-0AD0-44BA-A516-DEE818B055CB}.Debug|Any CPU.ActiveCfg = Debug|Any CPU
		{C3D479E7-0AD0-44BA-A516-DEE818B055CB}.Debug|Any CPU.Build.0 = Debug|Any CPU
		{C3D479E7-0AD0-44BA-A516-DEE818B055CB}.Release|Any CPU.ActiveCfg = Release|Any CPU
		{C3D479E7-0AD0-44BA-A516-DEE818B055CB}.Release|Any CPU.Build.0 = Release|Any CPU
	EndGlobalSection
	GlobalSection(SolutionProperties) = preSolution
		HideSolutionNode = FALSE
	EndGlobalSection
	GlobalSection(ExtensibilityGlobals) = postSolution
		SolutionGuid = {F09C66AD-23A6-4AB8-A17A-A3E08D7E3C58}
	EndGlobalSection
EndGlobal
